
Microsoft Visual Studio Solution File, Format Version 12.00
# Visual Studio Version 17
VisualStudioVersion = 17.11.35303.130
MinimumVisualStudioVersion = 10.0.40219.1
Project("{FAE04EC0-301F-11D3-BF4B-00C04F79EFBC}") = "RankCalculator", "RankCalculator.csproj", "{B0A6E664-0E23-4836-B114-937D7EF33255}"
EndProject
Global
	GlobalSection(SolutionConfigurationPlatforms) = preSolution
		Debug|Any CPU = Debug|Any CPU
		Release|Any CPU = Release|Any CPU
	EndGlobalSection
	GlobalSection(ProjectConfigurationPlatforms) = postSolution
		{B0A6E664-0E23-4836-B114-937D7EF33255}.Debug|Any CPU.ActiveCfg = Debug|Any CPU
		{B0A6E664-0E23-4836-B114-937D7EF33255}.Debug|Any CPU.Build.0 = Debug|Any CPU
		{B0A6E664-0E23-4836-B114-937D7EF33255}.Release|Any CPU.ActiveCfg = Release|Any CPU
		{B0A6E664-0E23-4836-B114-937D7EF33255}.Release|Any CPU.Build.0 = Release|Any CPU
	EndGlobalSection
	GlobalSection(SolutionProperties) = preSolution
		HideSolutionNode = FALSE
	EndGlobalSection
	GlobalSection(ExtensibilityGlobals) = postSolution
		SolutionGuid = {C5680560-745E-4BEA-8ED4-90294105ED7D}
	EndGlobalSection
EndGlobal
